// !$*UTF8*$!
{
	archiveVersion = 1;
	classes = {
	};
	objectVersion = 46;
	objects = {

/* Begin PBXBuildFile section */
		1420EF591F760CCC0053C0B5 /* AppDelegate.swift in Sources */ = {isa = PBXBuildFile; fileRef = 1420EF581F760CCC0053C0B5 /* AppDelegate.swift */; };
		1420EF5B1F760CCC0053C0B5 /* ViewController.swift in Sources */ = {isa = PBXBuildFile; fileRef = 1420EF5A1F760CCC0053C0B5 /* ViewController.swift */; };
		1420EF5E1F760CCC0053C0B5 /* Main.storyboard in Resources */ = {isa = PBXBuildFile; fileRef = 1420EF5C1F760CCC0053C0B5 /* Main.storyboard */; };
		1420EF601F760CCC0053C0B5 /* Assets.xcassets in Resources */ = {isa = PBXBuildFile; fileRef = 1420EF5F1F760CCC0053C0B5 /* Assets.xcassets */; };
		1420EF631F760CCC0053C0B5 /* LaunchScreen.storyboard in Resources */ = {isa = PBXBuildFile; fileRef = 1420EF611F760CCC0053C0B5 /* LaunchScreen.storyboard */; };
/* End PBXBuildFile section */

/* Begin PBXFileReference section */
		1420EF551F760CCC0053C0B5 /* RandomNumber.app */ = {isa = PBXFileReference; explicitFileType = wrapper.application; includeInIndex = 0; path = RandomNumber.app; sourceTree = BUILT_PRODUCTS_DIR; };
		1420EF581F760CCC0053C0B5 /* AppDelegate.swift */ = {isa = PBXFileReference; lastKnownFileType = sourcecode.swift; path = AppDelegate.swift; sourceTree = "<group>"; };
		1420EF5A1F760CCC0053C0B5 /* ViewController.swift */ = {isa = PBXFileReference; lastKnownFileType = sourcecode.swift; path = ViewController.swift; sourceTree = "<group>"; };
		1420EF5D1F760CCC0053C0B5 /* Base */ = {isa = PBXFileReference; lastKnownFileType = file.storyboard; name = Base; path = Base.lproj/Main.storyboard; sourceTree = "<group>"; };
		1420EF5F1F760CCC0053C0B5 /* Assets.xcassets */ = {isa = PBXFileReference; lastKnownFileType = folder.assetcatalog; path = Assets.xcassets; sourceTree = "<group>"; };
		1420EF621F760CCC0053C0B5 /* Base */ = {isa = PBXFileReference; lastKnownFileType = file.storyboard; name = Base; path = Base.lproj/LaunchScreen.storyboard; sourceTree = "<group>"; };
		1420EF641F760CCC0053C0B5 /* Info.plist */ = {isa = PBXFileReference; lastKnownFileType = text.plist.xml; path = Info.plist; sourceTree = "<group>"; };
/* End PBXFileReference section */

/* Begin PBXFrameworksBuildPhase section */
		1420EF521F760CCC0053C0B5 /* Frameworks */ = {
			isa = PBXFrameworksBuildPhase;
			buildActionMask = 2147483647;
			files = (
			);
			runOnlyForDeploymentPostprocessing = 0;
		};
/* End PBXFrameworksBuildPhase section */

/* Begin PBXGroup section */
		1420EF4C1F760CCC0053C0B5 = {
			isa = PBXGroup;
			children = (
				1420EF571F760CCC0053C0B5 /* RandomNumber */,
				1420EF561F760CCC0053C0B5 /* Products */,
			);
			sourceTree = "<group>";
		};
		1420EF561F760CCC0053C0B5 /* Products */ = {
			isa = PBXGroup;
			children = (
				1420EF551F760CCC0053C0B5 /* RandomNumber.app */,
			);
			name = Products;
			sourceTree = "<group>";
		};
		1420EF571F760CCC0053C0B5 /* RandomNumber */ = {
			isa = PBXGroup;
			children = (
				1420EF581F760CCC0053C0B5 /* AppDelegate.swift */,
				1420EF5A1F760CCC0053C0B5 /* ViewController.swift */,
				1420EF5C1F760CCC0053C0B5 /* Main.storyboard */,
				1420EF5F1F760CCC0053C0B5 /* Assets.xcassets */,
				1420EF611F760CCC0053C0B5 /* LaunchScreen.storyboard */,
				1420EF641F760CCC0053C0B5 /* Info.plist */,
			);
			path = RandomNumber;
			sourceTree = "<group>";
		};
/* End PBXGroup section */

/* Begin PBXNativeTarget section */
		1420EF541F760CCC0053C0B5 /* RandomNumber */ = {
			isa = PBXNativeTarget;
			buildConfigurationList = 1420EF671F760CCC0053C0B5 /* Build configuration list for PBXNativeTarget "RandomNumber" */;
			buildPhases = (
				1420EF511F760CCC0053C0B5 /* Sources */,
				1420EF521F760CCC0053C0B5 /* Frameworks */,
				1420EF531F760CCC0053C0B5 /* Resources */,
			);
			buildRules = (
			);
			dependencies = (
			);
			name = RandomNumber;
			productName = RandomNumber;
			productReference = 1420EF551F760CCC0053C0B5 /* RandomNumber.app */;
			productType = "com.apple.product-type.application";
		};
/* End PBXNativeTarget section */

/* Begin PBXProject section */
		1420EF4D1F760CCC0053C0B5 /* Project object */ = {
			isa = PBXProject;
			attributes = {
				LastSwiftUpdateCheck = 0830;
				LastUpgradeCheck = 0830;
				ORGANIZATIONNAME = Zedd;
				TargetAttributes = {
					1420EF541F760CCC0053C0B5 = {
						CreatedOnToolsVersion = 8.3.3;
						DevelopmentTeam = T8A579Y9HW;
						ProvisioningStyle = Automatic;
					};
				};
			};
			buildConfigurationList = 1420EF501F760CCC0053C0B5 /* Build configuration list for PBXProject "RandomNumber" */;
			compatibilityVersion = "Xcode 3.2";
			developmentRegion = English;
			hasScannedForEncodings = 0;
			knownRegions = (
				en,
				Base,
			);
			mainGroup = 1420EF4C1F760CCC0053C0B5;
			productRefGroup = 1420EF561F760CCC0053C0B5 /* Products */;
			projectDirPath = "";
			projectRoot = "";
			targets = (
				1420EF541F760CCC0053C0B5 /* RandomNumber */,
			);
		};
/* End PBXProject section */

/* Begin PBXResourcesBuildPhase section */
		1420EF531F760CCC0053C0B5 /* Resources */ = {
			isa = PBXResourcesBuildPhase;
			buildActionMask = 2147483647;
			files = (
				1420EF631F760CCC0053C0B5 /* LaunchScreen.storyboard in Resources */,
				1420EF601F760CCC0053C0B5 /* Assets.xcassets in Resources */,
				1420EF5E1F760CCC0053C0B5 /* Main.storyboard in Resources */,
			);
			runOnlyForDeploymentPostprocessing = 0;
		};
/* End PBXResourcesBuildPhase section */

/* Begin PBXSourcesBuildPhase section */
		1420EF511F760CCC0053C0B5 /* Sources */ = {
			isa = PBXSourcesBuildPhase;
			buildActionMask = 2147483647;
			files = (
				1420EF5B1F760CCC0053C0B5 /* ViewController.swift in Sources */,
				1420EF591F760CCC0053C0B5 /* AppDelegate.swift in Sources */,
			);
			runOnlyForDeploymentPostprocessing = 0;
		};
/* End PBXSourcesBuildPhase section */

/* Begin PBXVariantGroup section */
		1420EF5C1F760CCC0053C0B5 /* Main.storyboard */ = {
			isa = PBXVariantGroup;
			children = (
				1420EF5D1F760CCC0053C0B5 /* Base */,
			);
			name = Main.storyboard;
			sourceTree = "<group>";
		};
		1420EF611F760CCC0053C0B5 /* LaunchScreen.storyboard */ = {
			isa = PBXVariantGroup;
			children = (
				1420EF621F760CCC0053C0B5 /* Base */,
			);
			name = LaunchScreen.storyboard;
			sourceTree = "<group>";
		};
/* End PBXVariantGroup section */

/* Begin XCBuildConfiguration section */
		1420EF651F760CCC0053C0B5 /* Debug */ = {
			isa = XCBuildConfiguration;
			buildSettings = {
				ALWAYS_SEARCH_USER_PATHS = NO;
				CLANG_ANALYZER_NONNULL = YES;
				CLANG_ANALYZER_NUMBER_OBJECT_CONVERSION = YES_AGGRESSIVE;
				CLANG_CXX_LANGUAGE_STANDARD = "gnu++0x";
				CLANG_CXX_LIBRARY = "libc++";
				CLANG_ENABLE_MODULES = YES;
				CLANG_ENABLE_OBJC_ARC = YES;
				CLANG_WARN_BOOL_CONVERSION = YES;
				CLANG_WARN_CONSTANT_CONVERSION = YES;
				CLANG_WARN_DIRECT_OBJC_ISA_USAGE = YES_ERROR;
				CLANG_WARN_DOCUMENTATION_COMMENTS = YES;
				CLANG_WARN_EMPTY_BODY = YES;
				CLANG_WARN_ENUM_CONVERSION = YES;
				CLANG_WARN_INFINITE_RECURSION = YES;
				CLANG_WARN_INT_CONVERSION = YES;
				CLANG_WARN_OBJC_ROOT_CLASS = YES_ERROR;
				CLANG_WARN_SUSPICIOUS_MOVE = YES;
				CLANG_WARN_UNREACHABLE_CODE = YES;
				CLANG_WARN__DUPLICATE_METHOD_MATCH = YES;
				"CODE_SIGN_IDENTITY[sdk=iphoneos*]" = "iPhone Developer";
				COPY_PHASE_STRIP = NO;
				DEBUG_INFORMATION_FORMAT = dwarf;
				ENABLE_STRICT_OBJC_MSGSEND = YES;
				ENABLE_TESTABILITY = YES;
				GCC_C_LANGUAGE_STANDARD = gnu99;
				GCC_DYNAMIC_NO_PIC = NO;
				GCC_NO_COMMON_BLOCKS = YES;
				GCC_OPTIMIZATION_LEVEL = 0;
				GCC_PREPROCESSOR_DEFINITIONS = (
					"DEBUG=1",
					"$(inherited)",
				);
				GCC_WARN_64_TO_32_BIT_CONVERSION = YES;
				GCC_WARN_ABOUT_RETURN_TYPE = YES_ERROR;
				GCC_WARN_UNDECLARED_SELECTOR = YES;
				GCC_WARN_UNINITIALIZED_AUTOS = YES_AGGRESSIVE;
				GCC_WARN_UNUSED_FUNCTION = YES;
				GCC_WARN_UNUSED_VARIABLE = YES;
				IPHONEOS_DEPLOYMENT_TARGET = 10.3;
				MTL_ENABLE_DEBUG_INFO = YES;
				ONLY_ACTIVE_ARCH = YES;
				SDKROOT = iphoneos;
				SWIFT_ACTIVE_COMPILATION_CONDITIONS = DEBUG;
				SWIFT_OPTIMIZATION_LEVEL = "-Onone";
			};
			name = Debug;
		};
		1420EF661F760CCC0053C0B5 /* Release */ = {
			isa = XCBuildConfiguration;
			buildSettings = {
				ALWAYS_SEARCH_USER_PATHS = NO;
				CLANG_ANALYZER_NONNULL = YES;
				CLANG_ANALYZER_NUMBER_OBJECT_CONVERSION = YES_AGGRESSIVE;
				CLANG_CXX_LANGUAGE_STANDARD = "gnu++0x";
				CLANG_CXX_LIBRARY = "libc++";
				CLANG_ENABLE_MODULES = YES;
				CLANG_ENABLE_OBJC_ARC = YES;
				CLANG_WARN_BOOL_CONVERSION = YES;
				CLANG_WARN_CONSTANT_CONVERSION = YES;
				CLANG_WARN_DIRECT_OBJC_ISA_USAGE = YES_ERROR;
				CLANG_WARN_DOCUMENTATION_COMMENTS = YES;
				CLANG_WARN_EMPTY_BODY = YES;
				CLANG_WARN_ENUM_CONVERSION = YES;
				CLANG_WARN_INFINITE_RECURSION = YES;
				CLANG_WARN_INT_CONVERSION = YES;
				CLANG_WARN_OBJC_ROOT_CLASS = YES_ERROR;
				CLANG_WARN_SUSPICIOUS_MOVE = YES;
				CLANG_WARN_UNREACHABLE_CODE = YES;
				CLANG_WARN__DUPLICATE_METHOD_MATCH = YES;
				"CODE_SIGN_IDENTITY[sdk=iphoneos*]" = "iPhone Developer";
				COPY_PHASE_STRIP = NO;
				DEBUG_INFORMATION_FORMAT = "dwarf-with-dsym";
				ENABLE_NS_ASSERTIONS = NO;
				ENABLE_STRICT_OBJC_MSGSEND = YES;
				GCC_C_LANGUAGE_STANDARD = gnu99;
				GCC_NO_COMMON_BLOCKS = YES;
				GCC_WARN_64_TO_32_BIT_CONVERSION = YES;
				GCC_WARN_ABOUT_RETURN_TYPE = YES_ERROR;
				GCC_WARN_UNDECLARED_SELECTOR = YES;
				GCC_WARN_UNINITIALIZED_AUTOS = YES_AGGRESSIVE;
				GCC_WARN_UNUSED_FUNCTION = YES;
				GCC_WARN_UNUSED_VARIABLE = YES;
				IPHONEOS_DEPLOYMENT_TARGET = 10.3;
				MTL_ENABLE_DEBUG_INFO = NO;
				SDKROOT = iphoneos;
				SWIFT_OPTIMIZATION_LEVEL = "-Owholemodule";
				VALIDATE_PRODUCT = YES;
			};
			name = Release;
		};
		1420EF681F760CCC0053C0B5 /* Debug */ = {
			isa = XCBuildConfiguration;
			buildSettings = {
				ASSETCATALOG_COMPILER_APPICON_NAME = AppIcon;
				DEVELOPMENT_TEAM = T8A579Y9HW;
				INFOPLIST_FILE = RandomNumber/Info.plist;
				LD_RUNPATH_SEARCH_PATHS = "$(inherited) @executable_path/Frameworks";
				PRODUCT_BUNDLE_IDENTIFIER = Zedd.RandomNumber;
				PRODUCT_NAME = "$(TARGET_NAME)";
				SWIFT_VERSION = 3.0;
			};
			name = Debug;
		};
		1420EF691F760CCC0053C0B5 /* Release */ = {
			isa = XCBuildConfiguration;
			buildSettings = {
				ASSETCATALOG_COMPILER_APPICON_NAME = AppIcon;
				DEVELOPMENT_TEAM = T8A579Y9HW;
				INFOPLIST_FILE = RandomNumber/Info.plist;
				LD_RUNPATH_SEARCH_PATHS = "$(inherited) @executable_path/Frameworks";
				PRODUCT_BUNDLE_IDENTIFIER = Zedd.RandomNumber;
				PRODUCT_NAME = "$(TARGET_NAME)";
				SWIFT_VERSION = 3.0;
			};
			name = Release;
		};
/* End XCBuildConfiguration section */

/* Begin XCConfigurationList section */
		1420EF501F760CCC0053C0B5 /* Build configuration list for PBXProject "RandomNumber" */ = {
			isa = XCConfigurationList;
			buildConfigurations = (
				1420EF651F760CCC0053C0B5 /* Debug */,
				1420EF661F760CCC0053C0B5 /* Release */,
			);
			defaultConfigurationIsVisible = 0;
			defaultConfigurationName = Release;
		};
		1420EF671F760CCC0053C0B5 /* Build configuration list for PBXNativeTarget "RandomNumber" */ = {
			isa = XCConfigurationList;
			buildConfigurations = (
				1420EF681F760CCC0053C0B5 /* Debug */,
				1420EF691F760CCC0053C0B5 /* Release */,
			);
			defaultConfigurationIsVisible = 0;
		};
/* End XCConfigurationList section */
	};
	rootObject = 1420EF4D1F760CCC0053C0B5 /* Project object */;
}
